
Microsoft Visual Studio Solution File, Format Version 12.00
# Visual Studio Version 16
VisualStudioVersion = 16.0.29324.140
MinimumVisualStudioVersion = 10.0.40219.1
Project("{FAE04EC0-301F-11D3-BF4B-00C04F79EFBC}") = "MVVMUtilities", "MVVMUtilities\MVVMUtilities.csproj", "{953A46C1-5D71-4D58-8B9E-A7418D643DDD}"
EndProject
Global
	GlobalSection(SolutionConfigurationPlatforms) = preSolution
		Debug|Any CPU = Debug|Any CPU
		Release|Any CPU = Release|Any CPU
	EndGlobalSection
	GlobalSection(ProjectConfigurationPlatforms) = postSolution
		{953A46C1-5D71-4D58-8B9E-A7418D643DDD}.Debug|Any CPU.ActiveCfg = Debug|Any CPU
		{953A46C1-5D71-4D58-8B9E-A7418D643DDD}.Debug|Any CPU.Build.0 = Debug|Any CPU
		{953A46C1-5D71-4D58-8B9E-A7418D643DDD}.Release|Any CPU.ActiveCfg = Release|Any CPU
		{953A46C1-5D71-4D58-8B9E-A7418D643DDD}.Release|Any CPU.Build.0 = Release|Any CPU
	EndGlobalSection
	GlobalSection(SolutionProperties) = preSolution
		HideSolutionNode = FALSE
	EndGlobalSection
	GlobalSection(ExtensibilityGlobals) = postSolution
		SolutionGuid = {D84EFB4F-D414-4A25-8828-5DCF78900945}
	EndGlobalSection
EndGlobal
